// !$*UTF8*$!
{
	archiveVersion = 1;
	classes = {
	};
	objectVersion = 46;
	objects = {

/* Begin PBXBuildFile section */
		2544CB701C1CF52200B94D0F /* AppDelegate.swift in Sources */ = {isa = PBXBuildFile; fileRef = 2544CB6F1C1CF52200B94D0F /* AppDelegate.swift */; };
		2544CB721C1CF52200B94D0F /* ViewController.swift in Sources */ = {isa = PBXBuildFile; fileRef = 2544CB711C1CF52200B94D0F /* ViewController.swift */; };
		2544CB751C1CF52200B94D0F /* Main.storyboard in Resources */ = {isa = PBXBuildFile; fileRef = 2544CB731C1CF52200B94D0F /* Main.storyboard */; };
		2544CB781C1CF52200B94D0F /* okane_ios.xcdatamodeld in Sources */ = {isa = PBXBuildFile; fileRef = 2544CB761C1CF52200B94D0F /* okane_ios.xcdatamodeld */; };
		2544CB7A1C1CF52200B94D0F /* Assets.xcassets in Resources */ = {isa = PBXBuildFile; fileRef = 2544CB791C1CF52200B94D0F /* Assets.xcassets */; };
		2544CB7D1C1CF52200B94D0F /* LaunchScreen.storyboard in Resources */ = {isa = PBXBuildFile; fileRef = 2544CB7B1C1CF52200B94D0F /* LaunchScreen.storyboard */; };
		2544CB881C1CF52200B94D0F /* okane_iosTests.swift in Sources */ = {isa = PBXBuildFile; fileRef = 2544CB871C1CF52200B94D0F /* okane_iosTests.swift */; };
		2544CB931C1CF52200B94D0F /* okane_iosUITests.swift in Sources */ = {isa = PBXBuildFile; fileRef = 2544CB921C1CF52200B94D0F /* okane_iosUITests.swift */; };
		2544CBBF1C1CF71500B94D0F /* Date.swift in Sources */ = {isa = PBXBuildFile; fileRef = 2544CBB01C1CF71500B94D0F /* Date.swift */; };
		2544CBC01C1CF71500B94D0F /* Investment.swift in Sources */ = {isa = PBXBuildFile; fileRef = 2544CBB11C1CF71500B94D0F /* Investment.swift */; };
		2544CBC11C1CF71500B94D0F /* Currency.swift in Sources */ = {isa = PBXBuildFile; fileRef = 2544CBB21C1CF71500B94D0F /* Currency.swift */; };
		2544CBC21C1CF71500B94D0F /* INVESTID.swift in Sources */ = {isa = PBXBuildFile; fileRef = 2544CBB31C1CF71500B94D0F /* INVESTID.swift */; };
		2544CBC31C1CF71500B94D0F /* NewRequestViewController.swift in Sources */ = {isa = PBXBuildFile; fileRef = 2544CBB41C1CF71500B94D0F /* NewRequestViewController.swift */; };
		2544CBC41C1CF71500B94D0F /* RequestGoalView.swift in Sources */ = {isa = PBXBuildFile; fileRef = 2544CBB51C1CF71500B94D0F /* RequestGoalView.swift */; };
		2544CBC51C1CF71500B94D0F /* REQUESTID.swift in Sources */ = {isa = PBXBuildFile; fileRef = 2544CBB61C1CF71500B94D0F /* REQUESTID.swift */; };
		2544CBC61C1CF71500B94D0F /* RequestTableViewCell.swift in Sources */ = {isa = PBXBuildFile; fileRef = 2544CBB71C1CF71500B94D0F /* RequestTableViewCell.swift */; };
		2544CBC71C1CF71500B94D0F /* RequestTableViewController.swift in Sources */ = {isa = PBXBuildFile; fileRef = 2544CBB81C1CF71500B94D0F /* RequestTableViewController.swift */; };
		2544CBC81C1CF71500B94D0F /* StoriesViewController.swift in Sources */ = {isa = PBXBuildFile; fileRef = 2544CBB91C1CF71500B94D0F /* StoriesViewController.swift */; };
		2544CBC91C1CF71500B94D0F /* StoryDetailViewController.swift in Sources */ = {isa = PBXBuildFile; fileRef = 2544CBBA1C1CF71500B94D0F /* StoryDetailViewController.swift */; };
		2544CBCA1C1CF71500B94D0F /* User.swift in Sources */ = {isa = PBXBuildFile; fileRef = 2544CBBB1C1CF71500B94D0F /* User.swift */; };
		2544CBCB1C1CF71500B94D0F /* USERID.swift in Sources */ = {isa = PBXBuildFile; fileRef = 2544CBBC1C1CF71500B94D0F /* USERID.swift */; };
		2544CBCC1C1CF71500B94D0F /* TextFieldsEffects.swift in Sources */ = {isa = PBXBuildFile; fileRef = 2544CBBE1C1CF71500B94D0F /* TextFieldsEffects.swift */; };
		2544CBCE1C1CF72D00B94D0F /* Request.swift in Sources */ = {isa = PBXBuildFile; fileRef = 2544CBCD1C1CF72D00B94D0F /* Request.swift */; };
		2544CBD61C1CF7F800B94D0F /* Bolts.framework in Frameworks */ = {isa = PBXBuildFile; fileRef = 2544CBD01C1CF7F800B94D0F /* Bolts.framework */; };
		2544CBD71C1CF7F800B94D0F /* FBSDKCoreKit.framework in Frameworks */ = {isa = PBXBuildFile; fileRef = 2544CBD11C1CF7F800B94D0F /* FBSDKCoreKit.framework */; };
		2544CBD81C1CF7F800B94D0F /* FBSDKLoginKit.framework in Frameworks */ = {isa = PBXBuildFile; fileRef = 2544CBD21C1CF7F800B94D0F /* FBSDKLoginKit.framework */; };
		2544CBD91C1CF7F800B94D0F /* FBSDKShareKit.framework in Frameworks */ = {isa = PBXBuildFile; fileRef = 2544CBD31C1CF7F800B94D0F /* FBSDKShareKit.framework */; };
		2544CBDA1C1CF7F800B94D0F /* Parse.framework in Frameworks */ = {isa = PBXBuildFile; fileRef = 2544CBD41C1CF7F800B94D0F /* Parse.framework */; };
		2544CBE91C1CF82E00B94D0F /* Accounts.framework in Frameworks */ = {isa = PBXBuildFile; fileRef = 2544CBDC1C1CF82E00B94D0F /* Accounts.framework */; };
		2544CBEA1C1CF82E00B94D0F /* AudioToolbox.framework in Frameworks */ = {isa = PBXBuildFile; fileRef = 2544CBDD1C1CF82E00B94D0F /* AudioToolbox.framework */; };
		2544CBEB1C1CF82E00B94D0F /* CFNetwork.framework in Frameworks */ = {isa = PBXBuildFile; fileRef = 2544CBDE1C1CF82E00B94D0F /* CFNetwork.framework */; };
		2544CBEC1C1CF82E00B94D0F /* CoreGraphics.framework in Frameworks */ = {isa = PBXBuildFile; fileRef = 2544CBDF1C1CF82E00B94D0F /* CoreGraphics.framework */; };
		2544CBED1C1CF82E00B94D0F /* CoreLocation.framework in Frameworks */ = {isa = PBXBuildFile; fileRef = 2544CBE01C1CF82E00B94D0F /* CoreLocation.framework */; };
		2544CBEE1C1CF82E00B94D0F /* libsqlite3.tbd in Frameworks */ = {isa = PBXBuildFile; fileRef = 2544CBE11C1CF82E00B94D0F /* libsqlite3.tbd */; };
		2544CBEF1C1CF82E00B94D0F /* libz.tbd in Frameworks */ = {isa = PBXBuildFile; fileRef = 2544CBE21C1CF82E00B94D0F /* libz.tbd */; };
		2544CBF01C1CF82E00B94D0F /* MobileCoreServices.framework in Frameworks */ = {isa = PBXBuildFile; fileRef = 2544CBE31C1CF82E00B94D0F /* MobileCoreServices.framework */; };
		2544CBF11C1CF82E00B94D0F /* QuartzCore.framework in Frameworks */ = {isa = PBXBuildFile; fileRef = 2544CBE41C1CF82E00B94D0F /* QuartzCore.framework */; };
		2544CBF21C1CF82E00B94D0F /* Security.framework in Frameworks */ = {isa = PBXBuildFile; fileRef = 2544CBE51C1CF82E00B94D0F /* Security.framework */; };
		2544CBF31C1CF82E00B94D0F /* Social.framework in Frameworks */ = {isa = PBXBuildFile; fileRef = 2544CBE61C1CF82E00B94D0F /* Social.framework */; };
		2544CBF41C1CF82E00B94D0F /* StoreKit.framework in Frameworks */ = {isa = PBXBuildFile; fileRef = 2544CBE71C1CF82E00B94D0F /* StoreKit.framework */; };
		2544CBF51C1CF82E00B94D0F /* SystemConfiguration.framework in Frameworks */ = {isa = PBXBuildFile; fileRef = 2544CBE81C1CF82E00B94D0F /* SystemConfiguration.framework */; };
		25E88B671C1CFBFD001C1078 /* ParseFacebookUtilsV4.framework in Frameworks */ = {isa = PBXBuildFile; fileRef = 25E88B661C1CFBFD001C1078 /* ParseFacebookUtilsV4.framework */; };
		25E88B6E1C1CFFF9001C1078 /* Functionality.swift in Sources */ = {isa = PBXBuildFile; fileRef = 25E88B691C1CFFF9001C1078 /* Functionality.swift */; };
		25E88B6F1C1CFFF9001C1078 /* Request.storyboard in Resources */ = {isa = PBXBuildFile; fileRef = 25E88B6A1C1CFFF9001C1078 /* Request.storyboard */; };
		25E88B701C1CFFF9001C1078 /* Invest.storyboard in Resources */ = {isa = PBXBuildFile; fileRef = 25E88B6B1C1CFFF9001C1078 /* Invest.storyboard */; };
/* End PBXBuildFile section */

/* Begin PBXContainerItemProxy section */
		2544CB841C1CF52200B94D0F /* PBXContainerItemProxy */ = {
			isa = PBXContainerItemProxy;
			containerPortal = 2544CB641C1CF52200B94D0F /* Project object */;
			proxyType = 1;
			remoteGlobalIDString = 2544CB6B1C1CF52200B94D0F;
			remoteInfo = "okane-ios";
		};
		2544CB8F1C1CF52200B94D0F /* PBXContainerItemProxy */ = {
			isa = PBXContainerItemProxy;
			containerPortal = 2544CB641C1CF52200B94D0F /* Project object */;
			proxyType = 1;
			remoteGlobalIDString = 2544CB6B1C1CF52200B94D0F;
			remoteInfo = "okane-ios";
		};
/* End PBXContainerItemProxy section */

/* Begin PBXFileReference section */
		2544CB6C1C1CF52200B94D0F /* okane-ios.app */ = {isa = PBXFileReference; explicitFileType = wrapper.application; includeInIndex = 0; path = "okane-ios.app"; sourceTree = BUILT_PRODUCTS_DIR; };
		2544CB6F1C1CF52200B94D0F /* AppDelegate.swift */ = {isa = PBXFileReference; lastKnownFileType = sourcecode.swift; path = AppDelegate.swift; sourceTree = "<group>"; };
		2544CB711C1CF52200B94D0F /* ViewController.swift */ = {isa = PBXFileReference; lastKnownFileType = sourcecode.swift; path = ViewController.swift; sourceTree = "<group>"; };
		2544CB741C1CF52200B94D0F /* Base */ = {isa = PBXFileReference; lastKnownFileType = file.storyboard; name = Base; path = Base.lproj/Main.storyboard; sourceTree = "<group>"; };
		2544CB771C1CF52200B94D0F /* okane_ios.xcdatamodel */ = {isa = PBXFileReference; lastKnownFileType = wrapper.xcdatamodel; path = okane_ios.xcdatamodel; sourceTree = "<group>"; };
		2544CB791C1CF52200B94D0F /* Assets.xcassets */ = {isa = PBXFileReference; lastKnownFileType = folder.assetcatalog; path = Assets.xcassets; sourceTree = "<group>"; };
		2544CB7C1C1CF52200B94D0F /* Base */ = {isa = PBXFileReference; lastKnownFileType = file.storyboard; name = Base; path = Base.lproj/LaunchScreen.storyboard; sourceTree = "<group>"; };
		2544CB7E1C1CF52200B94D0F /* Info.plist */ = {isa = PBXFileReference; lastKnownFileType = text.plist.xml; path = Info.plist; sourceTree = "<group>"; };
		2544CB831C1CF52200B94D0F /* okane-iosTests.xctest */ = {isa = PBXFileReference; explicitFileType = wrapper.cfbundle; includeInIndex = 0; path = "okane-iosTests.xctest"; sourceTree = BUILT_PRODUCTS_DIR; };
		2544CB871C1CF52200B94D0F /* okane_iosTests.swift */ = {isa = PBXFileReference; lastKnownFileType = sourcecode.swift; path = okane_iosTests.swift; sourceTree = "<group>"; };
		2544CB891C1CF52200B94D0F /* Info.plist */ = {isa = PBXFileReference; lastKnownFileType = text.plist.xml; path = Info.plist; sourceTree = "<group>"; };
		2544CB8E1C1CF52200B94D0F /* okane-iosUITests.xctest */ = {isa = PBXFileReference; explicitFileType = wrapper.cfbundle; includeInIndex = 0; path = "okane-iosUITests.xctest"; sourceTree = BUILT_PRODUCTS_DIR; };
		2544CB921C1CF52200B94D0F /* okane_iosUITests.swift */ = {isa = PBXFileReference; lastKnownFileType = sourcecode.swift; path = okane_iosUITests.swift; sourceTree = "<group>"; };
		2544CB941C1CF52200B94D0F /* Info.plist */ = {isa = PBXFileReference; lastKnownFileType = text.plist.xml; path = Info.plist; sourceTree = "<group>"; };
		2544CBB01C1CF71500B94D0F /* Date.swift */ = {isa = PBXFileReference; fileEncoding = 4; lastKnownFileType = sourcecode.swift; path = Date.swift; sourceTree = "<group>"; };
		2544CBB11C1CF71500B94D0F /* Investment.swift */ = {isa = PBXFileReference; fileEncoding = 4; lastKnownFileType = sourcecode.swift; path = Investment.swift; sourceTree = "<group>"; };
		2544CBB21C1CF71500B94D0F /* Currency.swift */ = {isa = PBXFileReference; fileEncoding = 4; lastKnownFileType = sourcecode.swift; path = Currency.swift; sourceTree = "<group>"; };
		2544CBB31C1CF71500B94D0F /* INVESTID.swift */ = {isa = PBXFileReference; fileEncoding = 4; lastKnownFileType = sourcecode.swift; path = INVESTID.swift; sourceTree = "<group>"; };
		2544CBB41C1CF71500B94D0F /* NewRequestViewController.swift */ = {isa = PBXFileReference; fileEncoding = 4; lastKnownFileType = sourcecode.swift; path = NewRequestViewController.swift; sourceTree = "<group>"; };
		2544CBB51C1CF71500B94D0F /* RequestGoalView.swift */ = {isa = PBXFileReference; fileEncoding = 4; lastKnownFileType = sourcecode.swift; path = RequestGoalView.swift; sourceTree = "<group>"; };
		2544CBB61C1CF71500B94D0F /* REQUESTID.swift */ = {isa = PBXFileReference; fileEncoding = 4; lastKnownFileType = sourcecode.swift; path = REQUESTID.swift; sourceTree = "<group>"; };
		2544CBB71C1CF71500B94D0F /* RequestTableViewCell.swift */ = {isa = PBXFileReference; fileEncoding = 4; lastKnownFileType = sourcecode.swift; path = RequestTableViewCell.swift; sourceTree = "<group>"; };
		2544CBB81C1CF71500B94D0F /* RequestTableViewController.swift */ = {isa = PBXFileReference; fileEncoding = 4; lastKnownFileType = sourcecode.swift; path = RequestTableViewController.swift; sourceTree = "<group>"; };
		2544CBB91C1CF71500B94D0F /* StoriesViewController.swift */ = {isa = PBXFileReference; fileEncoding = 4; lastKnownFileType = sourcecode.swift; path = StoriesViewController.swift; sourceTree = "<group>"; };
		2544CBBA1C1CF71500B94D0F /* StoryDetailViewController.swift */ = {isa = PBXFileReference; fileEncoding = 4; lastKnownFileType = sourcecode.swift; path = StoryDetailViewController.swift; sourceTree = "<group>"; };
		2544CBBB1C1CF71500B94D0F /* User.swift */ = {isa = PBXFileReference; fileEncoding = 4; lastKnownFileType = sourcecode.swift; path = User.swift; sourceTree = "<group>"; };
		2544CBBC1C1CF71500B94D0F /* USERID.swift */ = {isa = PBXFileReference; fileEncoding = 4; lastKnownFileType = sourcecode.swift; path = USERID.swift; sourceTree = "<group>"; };
		2544CBBD1C1CF71500B94D0F /* TextFieldEffects.h */ = {isa = PBXFileReference; fileEncoding = 4; lastKnownFileType = sourcecode.c.h; path = TextFieldEffects.h; sourceTree = "<group>"; };
		2544CBBE1C1CF71500B94D0F /* TextFieldsEffects.swift */ = {isa = PBXFileReference; fileEncoding = 4; lastKnownFileType = sourcecode.swift; path = TextFieldsEffects.swift; sourceTree = "<group>"; };
		2544CBCD1C1CF72D00B94D0F /* Request.swift */ = {isa = PBXFileReference; fileEncoding = 4; lastKnownFileType = sourcecode.swift; path = Request.swift; sourceTree = "<group>"; };
		2544CBD01C1CF7F800B94D0F /* Bolts.framework */ = {isa = PBXFileReference; lastKnownFileType = wrapper.framework; name = Bolts.framework; path = Frameworks/Bolts.framework; sourceTree = "<group>"; };
		2544CBD11C1CF7F800B94D0F /* FBSDKCoreKit.framework */ = {isa = PBXFileReference; lastKnownFileType = wrapper.framework; name = FBSDKCoreKit.framework; path = Frameworks/FBSDKCoreKit.framework; sourceTree = "<group>"; };
		2544CBD21C1CF7F800B94D0F /* FBSDKLoginKit.framework */ = {isa = PBXFileReference; lastKnownFileType = wrapper.framework; name = FBSDKLoginKit.framework; path = Frameworks/FBSDKLoginKit.framework; sourceTree = "<group>"; };
		2544CBD31C1CF7F800B94D0F /* FBSDKShareKit.framework */ = {isa = PBXFileReference; lastKnownFileType = wrapper.framework; name = FBSDKShareKit.framework; path = Frameworks/FBSDKShareKit.framework; sourceTree = "<group>"; };
		2544CBD41C1CF7F800B94D0F /* Parse.framework */ = {isa = PBXFileReference; lastKnownFileType = wrapper.framework; name = Parse.framework; path = Frameworks/Parse.framework; sourceTree = "<group>"; };
		2544CBDC1C1CF82E00B94D0F /* Accounts.framework */ = {isa = PBXFileReference; lastKnownFileType = wrapper.framework; name = Accounts.framework; path = System/Library/Frameworks/Accounts.framework; sourceTree = SDKROOT; };
		2544CBDD1C1CF82E00B94D0F /* AudioToolbox.framework */ = {isa = PBXFileReference; lastKnownFileType = wrapper.framework; name = AudioToolbox.framework; path = System/Library/Frameworks/AudioToolbox.framework; sourceTree = SDKROOT; };
		2544CBDE1C1CF82E00B94D0F /* CFNetwork.framework */ = {isa = PBXFileReference; lastKnownFileType = wrapper.framework; name = CFNetwork.framework; path = System/Library/Frameworks/CFNetwork.framework; sourceTree = SDKROOT; };
		2544CBDF1C1CF82E00B94D0F /* CoreGraphics.framework */ = {isa = PBXFileReference; lastKnownFileType = wrapper.framework; name = CoreGraphics.framework; path = System/Library/Frameworks/CoreGraphics.framework; sourceTree = SDKROOT; };
		2544CBE01C1CF82E00B94D0F /* CoreLocation.framework */ = {isa = PBXFileReference; lastKnownFileType = wrapper.framework; name = CoreLocation.framework; path = System/Library/Frameworks/CoreLocation.framework; sourceTree = SDKROOT; };
		2544CBE11C1CF82E00B94D0F /* libsqlite3.tbd */ = {isa = PBXFileReference; lastKnownFileType = "sourcecode.text-based-dylib-definition"; name = libsqlite3.tbd; path = usr/lib/libsqlite3.tbd; sourceTree = SDKROOT; };
		2544CBE21C1CF82E00B94D0F /* libz.tbd */ = {isa = PBXFileReference; lastKnownFileType = "sourcecode.text-based-dylib-definition"; name = libz.tbd; path = usr/lib/libz.tbd; sourceTree = SDKROOT; };
		2544CBE31C1CF82E00B94D0F /* MobileCoreServices.framework */ = {isa = PBXFileReference; lastKnownFileType = wrapper.framework; name = MobileCoreServices.framework; path = System/Library/Frameworks/MobileCoreServices.framework; sourceTree = SDKROOT; };
		2544CBE41C1CF82E00B94D0F /* QuartzCore.framework */ = {isa = PBXFileReference; lastKnownFileType = wrapper.framework; name = QuartzCore.framework; path = System/Library/Frameworks/QuartzCore.framework; sourceTree = SDKROOT; };
		2544CBE51C1CF82E00B94D0F /* Security.framework */ = {isa = PBXFileReference; lastKnownFileType = wrapper.framework; name = Security.framework; path = System/Library/Frameworks/Security.framework; sourceTree = SDKROOT; };
		2544CBE61C1CF82E00B94D0F /* Social.framework */ = {isa = PBXFileReference; lastKnownFileType = wrapper.framework; name = Social.framework; path = System/Library/Frameworks/Social.framework; sourceTree = SDKROOT; };
		2544CBE71C1CF82E00B94D0F /* StoreKit.framework */ = {isa = PBXFileReference; lastKnownFileType = wrapper.framework; name = StoreKit.framework; path = System/Library/Frameworks/StoreKit.framework; sourceTree = SDKROOT; };
		2544CBE81C1CF82E00B94D0F /* SystemConfiguration.framework */ = {isa = PBXFileReference; lastKnownFileType = wrapper.framework; name = SystemConfiguration.framework; path = System/Library/Frameworks/SystemConfiguration.framework; sourceTree = SDKROOT; };
		25E88B621C1CF981001C1078 /* okane-ios-Bridging-Header.h */ = {isa = PBXFileReference; lastKnownFileType = sourcecode.c.h; path = "okane-ios-Bridging-Header.h"; sourceTree = "<group>"; };
		25E88B661C1CFBFD001C1078 /* ParseFacebookUtilsV4.framework */ = {isa = PBXFileReference; lastKnownFileType = wrapper.framework; name = ParseFacebookUtilsV4.framework; path = Frameworks/ParseFacebookUtilsV4.framework; sourceTree = "<group>"; };
		25E88B691C1CFFF9001C1078 /* Functionality.swift */ = {isa = PBXFileReference; fileEncoding = 4; lastKnownFileType = sourcecode.swift; path = Functionality.swift; sourceTree = "<group>"; };
		25E88B6A1C1CFFF9001C1078 /* Request.storyboard */ = {isa = PBXFileReference; fileEncoding = 4; lastKnownFileType = file.storyboard; path = Request.storyboard; sourceTree = "<group>"; };
		25E88B6B1C1CFFF9001C1078 /* Invest.storyboard */ = {isa = PBXFileReference; fileEncoding = 4; lastKnownFileType = file.storyboard; path = Invest.storyboard; sourceTree = "<group>"; };
/* End PBXFileReference section */

/* Begin PBXFrameworksBuildPhase section */
		2544CB691C1CF52200B94D0F /* Frameworks */ = {
			isa = PBXFrameworksBuildPhase;
			buildActionMask = 2147483647;
			files = (
				2544CBE91C1CF82E00B94D0F /* Accounts.framework in Frameworks */,
				2544CBEA1C1CF82E00B94D0F /* AudioToolbox.framework in Frameworks */,
				2544CBEB1C1CF82E00B94D0F /* CFNetwork.framework in Frameworks */,
				2544CBEC1C1CF82E00B94D0F /* CoreGraphics.framework in Frameworks */,
				2544CBED1C1CF82E00B94D0F /* CoreLocation.framework in Frameworks */,
				2544CBEE1C1CF82E00B94D0F /* libsqlite3.tbd in Frameworks */,
				2544CBEF1C1CF82E00B94D0F /* libz.tbd in Frameworks */,
				2544CBF01C1CF82E00B94D0F /* MobileCoreServices.framework in Frameworks */,
				2544CBF11C1CF82E00B94D0F /* QuartzCore.framework in Frameworks */,
				2544CBF21C1CF82E00B94D0F /* Security.framework in Frameworks */,
				2544CBF31C1CF82E00B94D0F /* Social.framework in Frameworks */,
				2544CBF41C1CF82E00B94D0F /* StoreKit.framework in Frameworks */,
				2544CBF51C1CF82E00B94D0F /* SystemConfiguration.framework in Frameworks */,
				2544CBD91C1CF7F800B94D0F /* FBSDKShareKit.framework in Frameworks */,
				2544CBD61C1CF7F800B94D0F /* Bolts.framework in Frameworks */,
				2544CBD71C1CF7F800B94D0F /* FBSDKCoreKit.framework in Frameworks */,
				2544CBD81C1CF7F800B94D0F /* FBSDKLoginKit.framework in Frameworks */,
				25E88B671C1CFBFD001C1078 /* ParseFacebookUtilsV4.framework in Frameworks */,
				2544CBDA1C1CF7F800B94D0F /* Parse.framework in Frameworks */,
			);
			runOnlyForDeploymentPostprocessing = 0;
		};
		2544CB801C1CF52200B94D0F /* Frameworks */ = {
			isa = PBXFrameworksBuildPhase;
			buildActionMask = 2147483647;
			files = (
			);
			runOnlyForDeploymentPostprocessing = 0;
		};
		2544CB8B1C1CF52200B94D0F /* Frameworks */ = {
			isa = PBXFrameworksBuildPhase;
			buildActionMask = 2147483647;
			files = (
			);
			runOnlyForDeploymentPostprocessing = 0;
		};
/* End PBXFrameworksBuildPhase section */

/* Begin PBXGroup section */
		2544CB631C1CF52200B94D0F = {
			isa = PBXGroup;
			children = (
				2544CBDC1C1CF82E00B94D0F /* Accounts.framework */,
				2544CBDD1C1CF82E00B94D0F /* AudioToolbox.framework */,
				2544CBDE1C1CF82E00B94D0F /* CFNetwork.framework */,
				2544CBDF1C1CF82E00B94D0F /* CoreGraphics.framework */,
				2544CBE01C1CF82E00B94D0F /* CoreLocation.framework */,
				2544CBE11C1CF82E00B94D0F /* libsqlite3.tbd */,
				2544CBE21C1CF82E00B94D0F /* libz.tbd */,
				2544CBE31C1CF82E00B94D0F /* MobileCoreServices.framework */,
				2544CBE41C1CF82E00B94D0F /* QuartzCore.framework */,
				2544CBE51C1CF82E00B94D0F /* Security.framework */,
				2544CBE61C1CF82E00B94D0F /* Social.framework */,
				2544CBE71C1CF82E00B94D0F /* StoreKit.framework */,
				2544CBE81C1CF82E00B94D0F /* SystemConfiguration.framework */,
				2544CB6E1C1CF52200B94D0F /* okane-ios */,
				2544CB861C1CF52200B94D0F /* okane-iosTests */,
				2544CB911C1CF52200B94D0F /* okane-iosUITests */,
				2544CB6D1C1CF52200B94D0F /* Products */,
			);
			sourceTree = "<group>";
		};
		2544CB6D1C1CF52200B94D0F /* Products */ = {
			isa = PBXGroup;
			children = (
				2544CB6C1C1CF52200B94D0F /* okane-ios.app */,
				2544CB831C1CF52200B94D0F /* okane-iosTests.xctest */,
				2544CB8E1C1CF52200B94D0F /* okane-iosUITests.xctest */,
			);
			name = Products;
			sourceTree = "<group>";
		};
		2544CB6E1C1CF52200B94D0F /* okane-ios */ = {
			isa = PBXGroup;
			children = (
				25E88B691C1CFFF9001C1078 /* Functionality.swift */,
				2544CBCF1C1CF7EA00B94D0F /* Frameworks */,
				2544CBCD1C1CF72D00B94D0F /* Request.swift */,
				2544CBB01C1CF71500B94D0F /* Date.swift */,
				2544CBB11C1CF71500B94D0F /* Investment.swift */,
				2544CBB21C1CF71500B94D0F /* Currency.swift */,
				2544CBB31C1CF71500B94D0F /* INVESTID.swift */,
				2544CBB41C1CF71500B94D0F /* NewRequestViewController.swift */,
				2544CBB51C1CF71500B94D0F /* RequestGoalView.swift */,
				2544CBB61C1CF71500B94D0F /* REQUESTID.swift */,
				2544CBB71C1CF71500B94D0F /* RequestTableViewCell.swift */,
				2544CBB81C1CF71500B94D0F /* RequestTableViewController.swift */,
				2544CBB91C1CF71500B94D0F /* StoriesViewController.swift */,
				2544CBBA1C1CF71500B94D0F /* StoryDetailViewController.swift */,
				2544CBBB1C1CF71500B94D0F /* User.swift */,
				2544CBBC1C1CF71500B94D0F /* USERID.swift */,
				2544CBBD1C1CF71500B94D0F /* TextFieldEffects.h */,
				2544CBBE1C1CF71500B94D0F /* TextFieldsEffects.swift */,
				2544CB6F1C1CF52200B94D0F /* AppDelegate.swift */,
				2544CB711C1CF52200B94D0F /* ViewController.swift */,
				25E88B6A1C1CFFF9001C1078 /* Request.storyboard */,
				25E88B6B1C1CFFF9001C1078 /* Invest.storyboard */,
				2544CB731C1CF52200B94D0F /* Main.storyboard */,
				2544CB791C1CF52200B94D0F /* Assets.xcassets */,
				2544CB7B1C1CF52200B94D0F /* LaunchScreen.storyboard */,
				2544CB7E1C1CF52200B94D0F /* Info.plist */,
				2544CB761C1CF52200B94D0F /* okane_ios.xcdatamodeld */,
				25E88B621C1CF981001C1078 /* okane-ios-Bridging-Header.h */,
			);
			path = "okane-ios";
			sourceTree = "<group>";
		};
		2544CB861C1CF52200B94D0F /* okane-iosTests */ = {
			isa = PBXGroup;
			children = (
				2544CB871C1CF52200B94D0F /* okane_iosTests.swift */,
				2544CB891C1CF52200B94D0F /* Info.plist */,
			);
			path = "okane-iosTests";
			sourceTree = "<group>";
		};
		2544CB911C1CF52200B94D0F /* okane-iosUITests */ = {
			isa = PBXGroup;
			children = (
				2544CB921C1CF52200B94D0F /* okane_iosUITests.swift */,
				2544CB941C1CF52200B94D0F /* Info.plist */,
			);
			path = "okane-iosUITests";
			sourceTree = "<group>";
		};
		2544CBCF1C1CF7EA00B94D0F /* Frameworks */ = {
			isa = PBXGroup;
			children = (
				25E88B661C1CFBFD001C1078 /* ParseFacebookUtilsV4.framework */,
				2544CBD01C1CF7F800B94D0F /* Bolts.framework */,
				2544CBD11C1CF7F800B94D0F /* FBSDKCoreKit.framework */,
				2544CBD21C1CF7F800B94D0F /* FBSDKLoginKit.framework */,
				2544CBD31C1CF7F800B94D0F /* FBSDKShareKit.framework */,
				2544CBD41C1CF7F800B94D0F /* Parse.framework */,
			);
			name = Frameworks;
			sourceTree = "<group>";
		};
/* End PBXGroup section */

/* Begin PBXNativeTarget section */
		2544CB6B1C1CF52200B94D0F /* okane-ios */ = {
			isa = PBXNativeTarget;
			buildConfigurationList = 2544CB971C1CF52200B94D0F /* Build configuration list for PBXNativeTarget "okane-ios" */;
			buildPhases = (
				2544CB681C1CF52200B94D0F /* Sources */,
				2544CB691C1CF52200B94D0F /* Frameworks */,
				2544CB6A1C1CF52200B94D0F /* Resources */,
			);
			buildRules = (
			);
			dependencies = (
			);
			name = "okane-ios";
			productName = "okane-ios";
			productReference = 2544CB6C1C1CF52200B94D0F /* okane-ios.app */;
			productType = "com.apple.product-type.application";
		};
		2544CB821C1CF52200B94D0F /* okane-iosTests */ = {
			isa = PBXNativeTarget;
			buildConfigurationList = 2544CB9A1C1CF52200B94D0F /* Build configuration list for PBXNativeTarget "okane-iosTests" */;
			buildPhases = (
				2544CB7F1C1CF52200B94D0F /* Sources */,
				2544CB801C1CF52200B94D0F /* Frameworks */,
				2544CB811C1CF52200B94D0F /* Resources */,
			);
			buildRules = (
			);
			dependencies = (
				2544CB851C1CF52200B94D0F /* PBXTargetDependency */,
			);
			name = "okane-iosTests";
			productName = "okane-iosTests";
			productReference = 2544CB831C1CF52200B94D0F /* okane-iosTests.xctest */;
			productType = "com.apple.product-type.bundle.unit-test";
		};
		2544CB8D1C1CF52200B94D0F /* okane-iosUITests */ = {
			isa = PBXNativeTarget;
			buildConfigurationList = 2544CB9D1C1CF52200B94D0F /* Build configuration list for PBXNativeTarget "okane-iosUITests" */;
			buildPhases = (
				2544CB8A1C1CF52200B94D0F /* Sources */,
				2544CB8B1C1CF52200B94D0F /* Frameworks */,
				2544CB8C1C1CF52200B94D0F /* Resources */,
			);
			buildRules = (
			);
			dependencies = (
				2544CB901C1CF52200B94D0F /* PBXTargetDependency */,
			);
			name = "okane-iosUITests";
			productName = "okane-iosUITests";
			productReference = 2544CB8E1C1CF52200B94D0F /* okane-iosUITests.xctest */;
			productType = "com.apple.product-type.bundle.ui-testing";
		};
/* End PBXNativeTarget section */

/* Begin PBXProject section */
		2544CB641C1CF52200B94D0F /* Project object */ = {
			isa = PBXProject;
			attributes = {
				LastSwiftUpdateCheck = 0720;
				LastUpgradeCheck = 0720;
				ORGANIZATIONNAME = "Franklin Schrans";
				TargetAttributes = {
					2544CB6B1C1CF52200B94D0F = {
						CreatedOnToolsVersion = 7.2;
					};
					2544CB821C1CF52200B94D0F = {
						CreatedOnToolsVersion = 7.2;
						TestTargetID = 2544CB6B1C1CF52200B94D0F;
					};
					2544CB8D1C1CF52200B94D0F = {
						CreatedOnToolsVersion = 7.2;
						TestTargetID = 2544CB6B1C1CF52200B94D0F;
					};
				};
			};
			buildConfigurationList = 2544CB671C1CF52200B94D0F /* Build configuration list for PBXProject "okane-ios" */;
			compatibilityVersion = "Xcode 3.2";
			developmentRegion = English;
			hasScannedForEncodings = 0;
			knownRegions = (
				en,
				Base,
			);
			mainGroup = 2544CB631C1CF52200B94D0F;
			productRefGroup = 2544CB6D1C1CF52200B94D0F /* Products */;
			projectDirPath = "";
			projectRoot = "";
			targets = (
				2544CB6B1C1CF52200B94D0F /* okane-ios */,
				2544CB821C1CF52200B94D0F /* okane-iosTests */,
				2544CB8D1C1CF52200B94D0F /* okane-iosUITests */,
			);
		};
/* End PBXProject section */

/* Begin PBXResourcesBuildPhase section */
		2544CB6A1C1CF52200B94D0F /* Resources */ = {
			isa = PBXResourcesBuildPhase;
			buildActionMask = 2147483647;
			files = (
				2544CB7D1C1CF52200B94D0F /* LaunchScreen.storyboard in Resources */,
				2544CB7A1C1CF52200B94D0F /* Assets.xcassets in Resources */,
				25E88B6F1C1CFFF9001C1078 /* Request.storyboard in Resources */,
				2544CB751C1CF52200B94D0F /* Main.storyboard in Resources */,
				25E88B701C1CFFF9001C1078 /* Invest.storyboard in Resources */,
			);
			runOnlyForDeploymentPostprocessing = 0;
		};
		2544CB811C1CF52200B94D0F /* Resources */ = {
			isa = PBXResourcesBuildPhase;
			buildActionMask = 2147483647;
			files = (
			);
			runOnlyForDeploymentPostprocessing = 0;
		};
		2544CB8C1C1CF52200B94D0F /* Resources */ = {
			isa = PBXResourcesBuildPhase;
			buildActionMask = 2147483647;
			files = (
			);
			runOnlyForDeploymentPostprocessing = 0;
		};
/* End PBXResourcesBuildPhase section */

/* Begin PBXSourcesBuildPhase section */
		2544CB681C1CF52200B94D0F /* Sources */ = {
			isa = PBXSourcesBuildPhase;
			buildActionMask = 2147483647;
			files = (
				2544CBC51C1CF71500B94D0F /* REQUESTID.swift in Sources */,
				2544CBC11C1CF71500B94D0F /* Currency.swift in Sources */,
				2544CB781C1CF52200B94D0F /* okane_ios.xcdatamodeld in Sources */,
				2544CBCB1C1CF71500B94D0F /* USERID.swift in Sources */,
				2544CB721C1CF52200B94D0F /* ViewController.swift in Sources */,
				2544CBC31C1CF71500B94D0F /* NewRequestViewController.swift in Sources */,
				2544CBC61C1CF71500B94D0F /* RequestTableViewCell.swift in Sources */,
				25E88B6E1C1CFFF9001C1078 /* Functionality.swift in Sources */,
				2544CBCE1C1CF72D00B94D0F /* Request.swift in Sources */,
				2544CBC01C1CF71500B94D0F /* Investment.swift in Sources */,
				2544CB701C1CF52200B94D0F /* AppDelegate.swift in Sources */,
				2544CBCA1C1CF71500B94D0F /* User.swift in Sources */,
				2544CBCC1C1CF71500B94D0F /* TextFieldsEffects.swift in Sources */,
				2544CBC21C1CF71500B94D0F /* INVESTID.swift in Sources */,
				2544CBC91C1CF71500B94D0F /* StoryDetailViewController.swift in Sources */,
				2544CBC41C1CF71500B94D0F /* RequestGoalView.swift in Sources */,
				2544CBC81C1CF71500B94D0F /* StoriesViewController.swift in Sources */,
				2544CBC71C1CF71500B94D0F /* RequestTableViewController.swift in Sources */,
				2544CBBF1C1CF71500B94D0F /* Date.swift in Sources */,
			);
			runOnlyForDeploymentPostprocessing = 0;
		};
		2544CB7F1C1CF52200B94D0F /* Sources */ = {
			isa = PBXSourcesBuildPhase;
			buildActionMask = 2147483647;
			files = (
				2544CB881C1CF52200B94D0F /* okane_iosTests.swift in Sources */,
			);
			runOnlyForDeploymentPostprocessing = 0;
		};
		2544CB8A1C1CF52200B94D0F /* Sources */ = {
			isa = PBXSourcesBuildPhase;
			buildActionMask = 2147483647;
			files = (
				2544CB931C1CF52200B94D0F /* okane_iosUITests.swift in Sources */,
			);
			runOnlyForDeploymentPostprocessing = 0;
		};
/* End PBXSourcesBuildPhase section */

/* Begin PBXTargetDependency section */
		2544CB851C1CF52200B94D0F /* PBXTargetDependency */ = {
			isa = PBXTargetDependency;
			target = 2544CB6B1C1CF52200B94D0F /* okane-ios */;
			targetProxy = 2544CB841C1CF52200B94D0F /* PBXContainerItemProxy */;
		};
		2544CB901C1CF52200B94D0F /* PBXTargetDependency */ = {
			isa = PBXTargetDependency;
			target = 2544CB6B1C1CF52200B94D0F /* okane-ios */;
			targetProxy = 2544CB8F1C1CF52200B94D0F /* PBXContainerItemProxy */;
		};
/* End PBXTargetDependency section */

/* Begin PBXVariantGroup section */
		2544CB731C1CF52200B94D0F /* Main.storyboard */ = {
			isa = PBXVariantGroup;
			children = (
				2544CB741C1CF52200B94D0F /* Base */,
			);
			name = Main.storyboard;
			sourceTree = "<group>";
		};
		2544CB7B1C1CF52200B94D0F /* LaunchScreen.storyboard */ = {
			isa = PBXVariantGroup;
			children = (
				2544CB7C1C1CF52200B94D0F /* Base */,
			);
			name = LaunchScreen.storyboard;
			sourceTree = "<group>";
		};
/* End PBXVariantGroup section */

/* Begin XCBuildConfiguration section */
		2544CB951C1CF52200B94D0F /* Debug */ = {
			isa = XCBuildConfiguration;
			buildSettings = {
				ALWAYS_SEARCH_USER_PATHS = NO;
				CLANG_CXX_LANGUAGE_STANDARD = "gnu++0x";
				CLANG_CXX_LIBRARY = "libc++";
				CLANG_ENABLE_MODULES = YES;
				CLANG_ENABLE_OBJC_ARC = YES;
				CLANG_WARN_BOOL_CONVERSION = YES;
				CLANG_WARN_CONSTANT_CONVERSION = YES;
				CLANG_WARN_DIRECT_OBJC_ISA_USAGE = YES_ERROR;
				CLANG_WARN_EMPTY_BODY = YES;
				CLANG_WARN_ENUM_CONVERSION = YES;
				CLANG_WARN_INT_CONVERSION = YES;
				CLANG_WARN_OBJC_ROOT_CLASS = YES_ERROR;
				CLANG_WARN_UNREACHABLE_CODE = YES;
				CLANG_WARN__DUPLICATE_METHOD_MATCH = YES;
				"CODE_SIGN_IDENTITY[sdk=iphoneos*]" = "iPhone Developer";
				COPY_PHASE_STRIP = NO;
				DEBUG_INFORMATION_FORMAT = dwarf;
				ENABLE_STRICT_OBJC_MSGSEND = YES;
				ENABLE_TESTABILITY = YES;
				GCC_C_LANGUAGE_STANDARD = gnu99;
				GCC_DYNAMIC_NO_PIC = NO;
				GCC_NO_COMMON_BLOCKS = YES;
				GCC_OPTIMIZATION_LEVEL = 0;
				GCC_PREPROCESSOR_DEFINITIONS = (
					"DEBUG=1",
					"$(inherited)",
				);
				GCC_WARN_64_TO_32_BIT_CONVERSION = YES;
				GCC_WARN_ABOUT_RETURN_TYPE = YES_ERROR;
				GCC_WARN_UNDECLARED_SELECTOR = YES;
				GCC_WARN_UNINITIALIZED_AUTOS = YES_AGGRESSIVE;
				GCC_WARN_UNUSED_FUNCTION = YES;
				GCC_WARN_UNUSED_VARIABLE = YES;
				IPHONEOS_DEPLOYMENT_TARGET = 9.2;
				MTL_ENABLE_DEBUG_INFO = YES;
				ONLY_ACTIVE_ARCH = YES;
				SDKROOT = iphoneos;
				SWIFT_OPTIMIZATION_LEVEL = "-Onone";
			};
			name = Debug;
		};
		2544CB961C1CF52200B94D0F /* Release */ = {
			isa = XCBuildConfiguration;
			buildSettings = {
				ALWAYS_SEARCH_USER_PATHS = NO;
				CLANG_CXX_LANGUAGE_STANDARD = "gnu++0x";
				CLANG_CXX_LIBRARY = "libc++";
				CLANG_ENABLE_MODULES = YES;
				CLANG_ENABLE_OBJC_ARC = YES;
				CLANG_WARN_BOOL_CONVERSION = YES;
				CLANG_WARN_CONSTANT_CONVERSION = YES;
				CLANG_WARN_DIRECT_OBJC_ISA_USAGE = YES_ERROR;
				CLANG_WARN_EMPTY_BODY = YES;
				CLANG_WARN_ENUM_CONVERSION = YES;
				CLANG_WARN_INT_CONVERSION = YES;
				CLANG_WARN_OBJC_ROOT_CLASS = YES_ERROR;
				CLANG_WARN_UNREACHABLE_CODE = YES;
				CLANG_WARN__DUPLICATE_METHOD_MATCH = YES;
				"CODE_SIGN_IDENTITY[sdk=iphoneos*]" = "iPhone Developer";
				COPY_PHASE_STRIP = NO;
				DEBUG_INFORMATION_FORMAT = "dwarf-with-dsym";
				ENABLE_NS_ASSERTIONS = NO;
				ENABLE_STRICT_OBJC_MSGSEND = YES;
				GCC_C_LANGUAGE_STANDARD = gnu99;
				GCC_NO_COMMON_BLOCKS = YES;
				GCC_WARN_64_TO_32_BIT_CONVERSION = YES;
				GCC_WARN_ABOUT_RETURN_TYPE = YES_ERROR;
				GCC_WARN_UNDECLARED_SELECTOR = YES;
				GCC_WARN_UNINITIALIZED_AUTOS = YES_AGGRESSIVE;
				GCC_WARN_UNUSED_FUNCTION = YES;
				GCC_WARN_UNUSED_VARIABLE = YES;
				IPHONEOS_DEPLOYMENT_TARGET = 9.2;
				MTL_ENABLE_DEBUG_INFO = NO;
				SDKROOT = iphoneos;
				VALIDATE_PRODUCT = YES;
			};
			name = Release;
		};
		2544CB981C1CF52200B94D0F /* Debug */ = {
			isa = XCBuildConfiguration;
			buildSettings = {
				ASSETCATALOG_COMPILER_APPICON_NAME = AppIcon;
				CLANG_ENABLE_MODULES = YES;
				FRAMEWORK_SEARCH_PATHS = (
					"$(inherited)",
					"$(PROJECT_DIR)/okane-ios/Frameworks",
				);
				INFOPLIST_FILE = "okane-ios/Info.plist";
				LD_RUNPATH_SEARCH_PATHS = "$(inherited) @executable_path/Frameworks";
				PRODUCT_BUNDLE_IDENTIFIER = "com.franklinschrans.com.okane-ios";
				PRODUCT_NAME = "$(TARGET_NAME)";
				SWIFT_OBJC_BRIDGING_HEADER = "okane-ios/okane-ios-Bridging-Header.h";
				SWIFT_OPTIMIZATION_LEVEL = "-Onone";
			};
			name = Debug;
		};
		2544CB991C1CF52200B94D0F /* Release */ = {
			isa = XCBuildConfiguration;
			buildSettings = {
				ASSETCATALOG_COMPILER_APPICON_NAME = AppIcon;
				CLANG_ENABLE_MODULES = YES;
				FRAMEWORK_SEARCH_PATHS = (
					"$(inherited)",
					"$(PROJECT_DIR)/okane-ios/Frameworks",
				);
				INFOPLIST_FILE = "okane-ios/Info.plist";
				LD_RUNPATH_SEARCH_PATHS = "$(inherited) @executable_path/Frameworks";
				PRODUCT_BUNDLE_IDENTIFIER = "com.franklinschrans.com.okane-ios";
				PRODUCT_NAME = "$(TARGET_NAME)";
				SWIFT_OBJC_BRIDGING_HEADER = "okane-ios/okane-ios-Bridging-Header.h";
			};
			name = Release;
		};
		2544CB9B1C1CF52200B94D0F /* Debug */ = {
			isa = XCBuildConfiguration;
			buildSettings = {
				BUNDLE_LOADER = "$(TEST_HOST)";
				INFOPLIST_FILE = "okane-iosTests/Info.plist";
				LD_RUNPATH_SEARCH_PATHS = "$(inherited) @executable_path/Frameworks @loader_path/Frameworks";
				PRODUCT_BUNDLE_IDENTIFIER = "com.franklinschrans.com.okane-iosTests";
				PRODUCT_NAME = "$(TARGET_NAME)";
				TEST_HOST = "$(BUILT_PRODUCTS_DIR)/okane-ios.app/okane-ios";
			};
			name = Debug;
		};
		2544CB9C1C1CF52200B94D0F /* Release */ = {
			isa = XCBuildConfiguration;
			buildSettings = {
				BUNDLE_LOADER = "$(TEST_HOST)";
				INFOPLIST_FILE = "okane-iosTests/Info.plist";
				LD_RUNPATH_SEARCH_PATHS = "$(inherited) @executable_path/Frameworks @loader_path/Frameworks";
				PRODUCT_BUNDLE_IDENTIFIER = "com.franklinschrans.com.okane-iosTests";
				PRODUCT_NAME = "$(TARGET_NAME)";
				TEST_HOST = "$(BUILT_PRODUCTS_DIR)/okane-ios.app/okane-ios";
			};
			name = Release;
		};
		2544CB9E1C1CF52200B94D0F /* Debug */ = {
			isa = XCBuildConfiguration;
			buildSettings = {
				INFOPLIST_FILE = "okane-iosUITests/Info.plist";
				LD_RUNPATH_SEARCH_PATHS = "$(inherited) @executable_path/Frameworks @loader_path/Frameworks";
				PRODUCT_BUNDLE_IDENTIFIER = "com.franklinschrans.com.okane-iosUITests";
				PRODUCT_NAME = "$(TARGET_NAME)";
				TEST_TARGET_NAME = "okane-ios";
				USES_XCTRUNNER = YES;
			};
			name = Debug;
		};
		2544CB9F1C1CF52200B94D0F /* Release */ = {
			isa = XCBuildConfiguration;
			buildSettings = {
				INFOPLIST_FILE = "okane-iosUITests/Info.plist";
				LD_RUNPATH_SEARCH_PATHS = "$(inherited) @executable_path/Frameworks @loader_path/Frameworks";
				PRODUCT_BUNDLE_IDENTIFIER = "com.franklinschrans.com.okane-iosUITests";
				PRODUCT_NAME = "$(TARGET_NAME)";
				TEST_TARGET_NAME = "okane-ios";
				USES_XCTRUNNER = YES;
			};
			name = Release;
		};
/* End XCBuildConfiguration section */

/* Begin XCConfigurationList section */
		2544CB671C1CF52200B94D0F /* Build configuration list for PBXProject "okane-ios" */ = {
			isa = XCConfigurationList;
			buildConfigurations = (
				2544CB951C1CF52200B94D0F /* Debug */,
				2544CB961C1CF52200B94D0F /* Release */,
			);
			defaultConfigurationIsVisible = 0;
			defaultConfigurationName = Release;
		};
		2544CB971C1CF52200B94D0F /* Build configuration list for PBXNativeTarget "okane-ios" */ = {
			isa = XCConfigurationList;
			buildConfigurations = (
				2544CB981C1CF52200B94D0F /* Debug */,
				2544CB991C1CF52200B94D0F /* Release */,
			);
			defaultConfigurationIsVisible = 0;
			defaultConfigurationName = Release;
		};
		2544CB9A1C1CF52200B94D0F /* Build configuration list for PBXNativeTarget "okane-iosTests" */ = {
			isa = XCConfigurationList;
			buildConfigurations = (
				2544CB9B1C1CF52200B94D0F /* Debug */,
				2544CB9C1C1CF52200B94D0F /* Release */,
			);
			defaultConfigurationIsVisible = 0;
			defaultConfigurationName = Release;
		};
		2544CB9D1C1CF52200B94D0F /* Build configuration list for PBXNativeTarget "okane-iosUITests" */ = {
			isa = XCConfigurationList;
			buildConfigurations = (
				2544CB9E1C1CF52200B94D0F /* Debug */,
				2544CB9F1C1CF52200B94D0F /* Release */,
			);
			defaultConfigurationIsVisible = 0;
			defaultConfigurationName = Release;
		};
/* End XCConfigurationList section */

/* Begin XCVersionGroup section */
		2544CB761C1CF52200B94D0F /* okane_ios.xcdatamodeld */ = {
			isa = XCVersionGroup;
			children = (
				2544CB771C1CF52200B94D0F /* okane_ios.xcdatamodel */,
			);
			currentVersion = 2544CB771C1CF52200B94D0F /* okane_ios.xcdatamodel */;
			path = okane_ios.xcdatamodeld;
			sourceTree = "<group>";
			versionGroupType = wrapper.xcdatamodel;
		};
/* End XCVersionGroup section */
	};
	rootObject = 2544CB641C1CF52200B94D0F /* Project object */;
}
